
Microsoft Visual Studio Solution File, Format Version 12.00
# Visual Studio Version 17
VisualStudioVersion = 17.0.31912.275
MinimumVisualStudioVersion = 10.0.40219.1
Project("{9A19103F-16F7-4668-BE54-9A1E7A4F7556}") = "Grayscale", "Grayscale.csproj", "{31D774F6-523E-4233-B45C-7E822751929A}"
EndProject
Global
	GlobalSection(SolutionConfigurationPlatforms) = preSolution
		Debug|Any CPU = Debug|Any CPU
		Release|Any CPU = Release|Any CPU
	EndGlobalSection
	GlobalSection(ProjectConfigurationPlatforms) = postSolution
		{31D774F6-523E-4233-B45C-7E822751929A}.Debug|Any CPU.ActiveCfg = Debug|Any CPU
		{31D774F6-523E-4233-B45C-7E822751929A}.Debug|Any CPU.Build.0 = Debug|Any CPU
		{31D774F6-523E-4233-B45C-7E822751929A}.Release|Any CPU.ActiveCfg = Release|Any CPU
		{31D774F6-523E-4233-B45C-7E822751929A}.Release|Any CPU.Build.0 = Release|Any CPU
	EndGlobalSection
	GlobalSection(SolutionProperties) = preSolution
		HideSolutionNode = FALSE
	EndGlobalSection
	GlobalSection(ExtensibilityGlobals) = postSolution
		SolutionGuid = {11C6AF41-289E-49EE-86EB-2F160AE11D30}
	EndGlobalSection
EndGlobal
